{
  "requires": true,
  "lockfileVersion": 1,
  "dependencies": {
    "kioskboard": {
      "version": "2.1.0",
      "resolved": "https://registry.npmjs.org/kioskboard/-/kioskboard-2.1.0.tgz",
      "integrity": "sha512-uovijKXIg3dK7lFKxjhSMgH2XifJZJgRIqi6zeUkmftQ/1/68K1CDbj2/klVHJv5lIOdxu2C+k126+tuki3KAw=="
    }
  }
}
